// !$*UTF8*$!
{
	archiveVersion = 1;
	classes = {
	};
	objectVersion = 46;
	objects = {

/* Begin PBXBuildFile section */
		DF043EA81C5B2B9500A9309D /* AppDelegate.swift in Sources */ = {isa = PBXBuildFile; fileRef = DF043EA71C5B2B9500A9309D /* AppDelegate.swift */; };
		DF043EAA1C5B2B9500A9309D /* ViewController.swift in Sources */ = {isa = PBXBuildFile; fileRef = DF043EA91C5B2B9500A9309D /* ViewController.swift */; };
		DF043EAD1C5B2B9500A9309D /* Main.storyboard in Resources */ = {isa = PBXBuildFile; fileRef = DF043EAB1C5B2B9500A9309D /* Main.storyboard */; };
		DF043EAF1C5B2B9500A9309D /* Assets.xcassets in Resources */ = {isa = PBXBuildFile; fileRef = DF043EAE1C5B2B9500A9309D /* Assets.xcassets */; };
		DF043EB21C5B2B9500A9309D /* LaunchScreen.storyboard in Resources */ = {isa = PBXBuildFile; fileRef = DF043EB01C5B2B9500A9309D /* LaunchScreen.storyboard */; };
/* End PBXBuildFile section */

/* Begin PBXFileReference section */
		DF043EA41C5B2B9500A9309D /* StopWatch.app */ = {isa = PBXFileReference; explicitFileType = wrapper.application; includeInIndex = 0; path = StopWatch.app; sourceTree = BUILT_PRODUCTS_DIR; };
		DF043EA71C5B2B9500A9309D /* AppDelegate.swift */ = {isa = PBXFileReference; lastKnownFileType = sourcecode.swift; path = AppDelegate.swift; sourceTree = "<group>"; };
		DF043EA91C5B2B9500A9309D /* ViewController.swift */ = {isa = PBXFileReference; lastKnownFileType = sourcecode.swift; path = ViewController.swift; sourceTree = "<group>"; };
		DF043EAC1C5B2B9500A9309D /* Base */ = {isa = PBXFileReference; lastKnownFileType = file.storyboard; name = Base; path = Base.lproj/Main.storyboard; sourceTree = "<group>"; };
		DF043EAE1C5B2B9500A9309D /* Assets.xcassets */ = {isa = PBXFileReference; lastKnownFileType = folder.assetcatalog; path = Assets.xcassets; sourceTree = "<group>"; };
		DF043EB11C5B2B9500A9309D /* Base */ = {isa = PBXFileReference; lastKnownFileType = file.storyboard; name = Base; path = Base.lproj/LaunchScreen.storyboard; sourceTree = "<group>"; };
		DF043EB31C5B2B9500A9309D /* Info.plist */ = {isa = PBXFileReference; lastKnownFileType = text.plist.xml; path = Info.plist; sourceTree = "<group>"; };
/* End PBXFileReference section */

/* Begin PBXFrameworksBuildPhase section */
		DF043EA11C5B2B9500A9309D /* Frameworks */ = {
			isa = PBXFrameworksBuildPhase;
			buildActionMask = 2147483647;
			files = (
			);
			runOnlyForDeploymentPostprocessing = 0;
		};
/* End PBXFrameworksBuildPhase section */

/* Begin PBXGroup section */
		DF043E9B1C5B2B9500A9309D = {
			isa = PBXGroup;
			children = (
				DF043EA61C5B2B9500A9309D /* StopWatch */,
				DF043EA51C5B2B9500A9309D /* Products */,
			);
			sourceTree = "<group>";
		};
		DF043EA51C5B2B9500A9309D /* Products */ = {
			isa = PBXGroup;
			children = (
				DF043EA41C5B2B9500A9309D /* StopWatch.app */,
			);
			name = Products;
			sourceTree = "<group>";
		};
		DF043EA61C5B2B9500A9309D /* StopWatch */ = {
			isa = PBXGroup;
			children = (
				DF043EA71C5B2B9500A9309D /* AppDelegate.swift */,
				DF043EA91C5B2B9500A9309D /* ViewController.swift */,
				DF043EAB1C5B2B9500A9309D /* Main.storyboard */,
				DF043EAE1C5B2B9500A9309D /* Assets.xcassets */,
				DF043EB01C5B2B9500A9309D /* LaunchScreen.storyboard */,
				DF043EB31C5B2B9500A9309D /* Info.plist */,
			);
			path = StopWatch;
			sourceTree = "<group>";
		};
/* End PBXGroup section */

/* Begin PBXNativeTarget section */
		DF043EA31C5B2B9500A9309D /* StopWatch */ = {
			isa = PBXNativeTarget;
			buildConfigurationList = DF043EB61C5B2B9500A9309D /* Build configuration list for PBXNativeTarget "StopWatch" */;
			buildPhases = (
				DF043EA01C5B2B9500A9309D /* Sources */,
				DF043EA11C5B2B9500A9309D /* Frameworks */,
				DF043EA21C5B2B9500A9309D /* Resources */,
			);
			buildRules = (
			);
			dependencies = (
			);
			name = StopWatch;
			productName = StopWatch;
			productReference = DF043EA41C5B2B9500A9309D /* StopWatch.app */;
			productType = "com.apple.product-type.application";
		};
/* End PBXNativeTarget section */

/* Begin PBXProject section */
		DF043E9C1C5B2B9500A9309D /* Project object */ = {
			isa = PBXProject;
			attributes = {
				LastSwiftUpdateCheck = 0720;
				LastUpgradeCheck = 0720;
				ORGANIZATIONNAME = HossainCo;
				TargetAttributes = {
					DF043EA31C5B2B9500A9309D = {
						CreatedOnToolsVersion = 7.2;
						DevelopmentTeam = 7C4XMGYAAX;
					};
				};
			};
			buildConfigurationList = DF043E9F1C5B2B9500A9309D /* Build configuration list for PBXProject "StopWatch" */;
			compatibilityVersion = "Xcode 3.2";
			developmentRegion = English;
			hasScannedForEncodings = 0;
			knownRegions = (
				en,
				Base,
			);
			mainGroup = DF043E9B1C5B2B9500A9309D;
			productRefGroup = DF043EA51C5B2B9500A9309D /* Products */;
			projectDirPath = "";
			projectRoot = "";
			targets = (
				DF043EA31C5B2B9500A9309D /* StopWatch */,
			);
		};
/* End PBXProject section */

/* Begin PBXResourcesBuildPhase section */
		DF043EA21C5B2B9500A9309D /* Resources */ = {
			isa = PBXResourcesBuildPhase;
			buildActionMask = 2147483647;
			files = (
				DF043EB21C5B2B9500A9309D /* LaunchScreen.storyboard in Resources */,
				DF043EAF1C5B2B9500A9309D /* Assets.xcassets in Resources */,
				DF043EAD1C5B2B9500A9309D /* Main.storyboard in Resources */,
			);
			runOnlyForDeploymentPostprocessing = 0;
		};
/* End PBXResourcesBuildPhase section */

/* Begin PBXSourcesBuildPhase section */
		DF043EA01C5B2B9500A9309D /* Sources */ = {
			isa = PBXSourcesBuildPhase;
			buildActionMask = 2147483647;
			files = (
				DF043EAA1C5B2B9500A9309D /* ViewController.swift in Sources */,
				DF043EA81C5B2B9500A9309D /* AppDelegate.swift in Sources */,
			);
			runOnlyForDeploymentPostprocessing = 0;
		};
/* End PBXSourcesBuildPhase section */

/* Begin PBXVariantGroup section */
		DF043EAB1C5B2B9500A9309D /* Main.storyboard */ = {
			isa = PBXVariantGroup;
			children = (
				DF043EAC1C5B2B9500A9309D /* Base */,
			);
			name = Main.storyboard;
			sourceTree = "<group>";
		};
		DF043EB01C5B2B9500A9309D /* LaunchScreen.storyboard */ = {
			isa = PBXVariantGroup;
			children = (
				DF043EB11C5B2B9500A9309D /* Base */,
			);
			name = LaunchScreen.storyboard;
			sourceTree = "<group>";
		};
/* End PBXVariantGroup section */

/* Begin XCBuildConfiguration section */
		DF043EB41C5B2B9500A9309D /* Debug */ = {
			isa = XCBuildConfiguration;
			buildSettings = {
				ALWAYS_SEARCH_USER_PATHS = NO;
				CLANG_CXX_LANGUAGE_STANDARD = "gnu++0x";
				CLANG_CXX_LIBRARY = "libc++";
				CLANG_ENABLE_MODULES = YES;
				CLANG_ENABLE_OBJC_ARC = YES;
				CLANG_WARN_BOOL_CONVERSION = YES;
				CLANG_WARN_CONSTANT_CONVERSION = YES;
				CLANG_WARN_DIRECT_OBJC_ISA_USAGE = YES_ERROR;
				CLANG_WARN_EMPTY_BODY = YES;
				CLANG_WARN_ENUM_CONVERSION = YES;
				CLANG_WARN_INT_CONVERSION = YES;
				CLANG_WARN_OBJC_ROOT_CLASS = YES_ERROR;
				CLANG_WARN_UNREACHABLE_CODE = YES;
				CLANG_WARN__DUPLICATE_METHOD_MATCH = YES;
				"CODE_SIGN_IDENTITY[sdk=iphoneos*]" = "iPhone Developer";
				COPY_PHASE_STRIP = NO;
				DEBUG_INFORMATION_FORMAT = dwarf;
				ENABLE_STRICT_OBJC_MSGSEND = YES;
				ENABLE_TESTABILITY = YES;
				GCC_C_LANGUAGE_STANDARD = gnu99;
				GCC_DYNAMIC_NO_PIC = NO;
				GCC_NO_COMMON_BLOCKS = YES;
				GCC_OPTIMIZATION_LEVEL = 0;
				GCC_PREPROCESSOR_DEFINITIONS = (
					"DEBUG=1",
					"$(inherited)",
				);
				GCC_WARN_64_TO_32_BIT_CONVERSION = YES;
				GCC_WARN_ABOUT_RETURN_TYPE = YES_ERROR;
				GCC_WARN_UNDECLARED_SELECTOR = YES;
				GCC_WARN_UNINITIALIZED_AUTOS = YES_AGGRESSIVE;
				GCC_WARN_UNUSED_FUNCTION = YES;
				GCC_WARN_UNUSED_VARIABLE = YES;
				IPHONEOS_DEPLOYMENT_TARGET = 9.2;
				MTL_ENABLE_DEBUG_INFO = YES;
				ONLY_ACTIVE_ARCH = YES;
				SDKROOT = iphoneos;
				SWIFT_OPTIMIZATION_LEVEL = "-Onone";
			};
			name = Debug;
		};
		DF043EB51C5B2B9500A9309D /* Release */ = {
			isa = XCBuildConfiguration;
			buildSettings = {
				ALWAYS_SEARCH_USER_PATHS = NO;
				CLANG_CXX_LANGUAGE_STANDARD = "gnu++0x";
				CLANG_CXX_LIBRARY = "libc++";
				CLANG_ENABLE_MODULES = YES;
				CLANG_ENABLE_OBJC_ARC = YES;
				CLANG_WARN_BOOL_CONVERSION = YES;
				CLANG_WARN_CONSTANT_CONVERSION = YES;
				CLANG_WARN_DIRECT_OBJC_ISA_USAGE = YES_ERROR;
				CLANG_WARN_EMPTY_BODY = YES;
				CLANG_WARN_ENUM_CONVERSION = YES;
				CLANG_WARN_INT_CONVERSION = YES;
				CLANG_WARN_OBJC_ROOT_CLASS = YES_ERROR;
				CLANG_WARN_UNREACHABLE_CODE = YES;
				CLANG_WARN__DUPLICATE_METHOD_MATCH = YES;
				"CODE_SIGN_IDENTITY[sdk=iphoneos*]" = "iPhone Developer";
				COPY_PHASE_STRIP = NO;
				DEBUG_INFORMATION_FORMAT = "dwarf-with-dsym";
				ENABLE_NS_ASSERTIONS = NO;
				ENABLE_STRICT_OBJC_MSGSEND = YES;
				GCC_C_LANGUAGE_STANDARD = gnu99;
				GCC_NO_COMMON_BLOCKS = YES;
				GCC_WARN_64_TO_32_BIT_CONVERSION = YES;
				GCC_WARN_ABOUT_RETURN_TYPE = YES_ERROR;
				GCC_WARN_UNDECLARED_SELECTOR = YES;
				GCC_WARN_UNINITIALIZED_AUTOS = YES_AGGRESSIVE;
				GCC_WARN_UNUSED_FUNCTION = YES;
				GCC_WARN_UNUSED_VARIABLE = YES;
				IPHONEOS_DEPLOYMENT_TARGET = 9.2;
				MTL_ENABLE_DEBUG_INFO = NO;
				SDKROOT = iphoneos;
				VALIDATE_PRODUCT = YES;
			};
			name = Release;
		};
		DF043EB71C5B2B9500A9309D /* Debug */ = {
			isa = XCBuildConfiguration;
			buildSettings = {
				ASSETCATALOG_COMPILER_APPICON_NAME = AppIcon;
				INFOPLIST_FILE = StopWatch/Info.plist;
				LD_RUNPATH_SEARCH_PATHS = "$(inherited) @executable_path/Frameworks";
				PRODUCT_BUNDLE_IDENTIFIER = HossainCo.io.StopWatch;
				PRODUCT_NAME = "$(TARGET_NAME)";
			};
			name = Debug;
		};
		DF043EB81C5B2B9500A9309D /* Release */ = {
			isa = XCBuildConfiguration;
			buildSettings = {
				ASSETCATALOG_COMPILER_APPICON_NAME = AppIcon;
				INFOPLIST_FILE = StopWatch/Info.plist;
				LD_RUNPATH_SEARCH_PATHS = "$(inherited) @executable_path/Frameworks";
				PRODUCT_BUNDLE_IDENTIFIER = HossainCo.io.StopWatch;
				PRODUCT_NAME = "$(TARGET_NAME)";
			};
			name = Release;
		};
/* End XCBuildConfiguration section */

/* Begin XCConfigurationList section */
		DF043E9F1C5B2B9500A9309D /* Build configuration list for PBXProject "StopWatch" */ = {
			isa = XCConfigurationList;
			buildConfigurations = (
				DF043EB41C5B2B9500A9309D /* Debug */,
				DF043EB51C5B2B9500A9309D /* Release */,
			);
			defaultConfigurationIsVisible = 0;
			defaultConfigurationName = Release;
		};
		DF043EB61C5B2B9500A9309D /* Build configuration list for PBXNativeTarget "StopWatch" */ = {
			isa = XCConfigurationList;
			buildConfigurations = (
				DF043EB71C5B2B9500A9309D /* Debug */,
				DF043EB81C5B2B9500A9309D /* Release */,
			);
			defaultConfigurationIsVisible = 0;
		};
/* End XCConfigurationList section */
	};
	rootObject = DF043E9C1C5B2B9500A9309D /* Project object */;
}
